
Microsoft Visual Studio Solution File, Format Version 12.00
# Visual Studio Version 16
VisualStudioVersion = 16.0.33328.57
MinimumVisualStudioVersion = 10.0.40219.1
Project("{FAE04EC0-301F-11D3-BF4B-00C04F79EFBC}") = "ProyectoClave6", "ProyectoClave6.csproj", "{E2974560-6A0C-4848-A1AF-16CC4A0F532F}"
EndProject
Global
	GlobalSection(SolutionConfigurationPlatforms) = preSolution
		Debug|Any CPU = Debug|Any CPU
		Release|Any CPU = Release|Any CPU
	EndGlobalSection
	GlobalSection(ProjectConfigurationPlatforms) = postSolution
		{E2974560-6A0C-4848-A1AF-16CC4A0F532F}.Debug|Any CPU.ActiveCfg = Debug|Any CPU
		{E2974560-6A0C-4848-A1AF-16CC4A0F532F}.Debug|Any CPU.Build.0 = Debug|Any CPU
		{E2974560-6A0C-4848-A1AF-16CC4A0F532F}.Release|Any CPU.ActiveCfg = Release|Any CPU
		{E2974560-6A0C-4848-A1AF-16CC4A0F532F}.Release|Any CPU.Build.0 = Release|Any CPU
	EndGlobalSection
	GlobalSection(SolutionProperties) = preSolution
		HideSolutionNode = FALSE
	EndGlobalSection
	GlobalSection(ExtensibilityGlobals) = postSolution
		SolutionGuid = {D1A4F6E5-6655-4528-BEB0-F6FA7757B918}
	EndGlobalSection
EndGlobal
